PODS:
  - KIF (3.1.0):
    - KIF/XCTest (= 3.1.0)
  - KIF/XCTest (3.1.0)
  - VOKMultiImagePicker-iOS (0.1.0)

DEPENDENCIES:
  - Kif
  - VOKMultiImagePicker-iOS (from `../`)

EXTERNAL SOURCES:
  VOKMultiImagePicker-iOS:
    :path: ../

SPEC CHECKSUMS:
  KIF: de7c7f4aea08179c65d963a3c5ec438ee6408e8c
  VOKMultiImagePicker-iOS: 1e6b57739a4860037a08b9d5ff3bbe8a6fe6fbfc

COCOAPODS: 0.35.0
